{
  "version": "3",
  "redirects": {
    "https://deno.land/x/base64/base64url.ts": "https://deno.land/x/base64@v0.2.1/base64url.ts"
  },
  "remote": {
    "https://deno.land/std@0.224.0/assert/assert_exists.ts": "43420cf7f956748ae6ed1230646567b3593cb7a36c5a5327269279c870c5ddfd",
    "https://deno.land/std@0.224.0/assert/assertion_error.ts": "ba8752bd27ebc51f723702fac2f54d3e94447598f54264a6653d6413738a8917",
    "https://deno.land/std@0.224.0/encoding/_util.ts": "beacef316c1255da9bc8e95afb1fa56ed69baef919c88dc06ae6cb7a6103d376",
    "https://deno.land/std@0.224.0/encoding/base32.ts": "02744a37df78abeaa0b3251e850bfee7c232f26fedc5a62b6c68cb2b99733984",
    "https://deno.land/std@0.224.0/flags/mod.ts": "88553267f34519c8982212185339efdb2d2e62c159ec558f47eb50c8952a6be3",
    "https://deno.land/std@0.224.0/yaml/_dumper/dumper.ts": "08b595b40841a2e1c75303f5096392323b6baf8e9662430a91e3b36fbe175fe9",
    "https://deno.land/std@0.224.0/yaml/_dumper/dumper_state.ts": "9e29f700ea876ed230b43f11fa006fcb1a62eedc1e27d32baaeaf3210f19f1e7",
    "https://deno.land/std@0.224.0/yaml/_error.ts": "f38cdebdb69cde16903d9aa2f3b8a3dd9d13e5f7f3570bf662bfaca69fef669e",
    "https://deno.land/std@0.224.0/yaml/_loader/loader.ts": "bf9e8a99770b59bc887b43ebccea108cbe9146ae32d91f7ce558d62c946d3fe3",
    "https://deno.land/std@0.224.0/yaml/_loader/loader_state.ts": "ee216de6040551940b85473c3185fdb7a6f3030b77153f87a6b7f63f82e489ea",
    "https://deno.land/std@0.224.0/yaml/_mark.ts": "61097a614857fcebf7b2ecad057916d74c90cd160117a33c9e74bac60457410a",
    "https://deno.land/std@0.224.0/yaml/_state.ts": "f3b1c1fd11860302f1f33e35e9ce089bf069d4943e8d67516cd6bedbba058c13",
    "https://deno.land/std@0.224.0/yaml/_type/binary.ts": "f1a6e1d83dcc52b21cc3639cd98be44051cfc54065cc4f2a42065bce07ebc07d",
    "https://deno.land/std@0.224.0/yaml/_type/bool.ts": "121743b23ba82a27ad6a3ec6298c7f5b0908f90e52707f8644a91f7ad51ed2ef",
    "https://deno.land/std@0.224.0/yaml/_type/float.ts": "c5ed84b0aec1ec5dc05f6abfaaff672e8890d4d44a42120b4445c9754fca4eba",
    "https://deno.land/std@0.224.0/yaml/_type/function.ts": "bbf705058942bf3370604b37eb77a10aadd72f986c237c9f69b43378a42202c1",
    "https://deno.land/std@0.224.0/yaml/_type/int.ts": "c2dc88438a60fccc8d2226042bd18b9967753adaf6bd145feb8b99d567e432ce",
    "https://deno.land/std@0.224.0/yaml/_type/map.ts": "ae2acb1cb837fb8e96c75c98611cfd45af847d0114ab5336333c318e7d4b12f4",
    "https://deno.land/std@0.224.0/yaml/_type/merge.ts": "ad0d971f91d2fb9f4ab3eba0c837eae357b1804d6b798adc99dc917bc5306b11",
    "https://deno.land/std@0.224.0/yaml/_type/mod.ts": "e8929d7b1c969a74f76338d4eb380ef8c4a26cd6441117d521f076b766e9c265",
    "https://deno.land/std@0.224.0/yaml/_type/nil.ts": "cbe4387d02d5933322c21b25d8955c5e6228c492e391a6fb82dcf4f498cc421c",
    "https://deno.land/std@0.224.0/yaml/_type/omap.ts": "cda915105ab22ba9e1d6317adacee8eec2d8ddaf864cc2f814e3e476946e72c6",
    "https://deno.land/std@0.224.0/yaml/_type/pairs.ts": "dd39bb44c1b9abaf6172c63f73350475933151f07e05253b81f7860c9b507177",
    "https://deno.land/std@0.224.0/yaml/_type/regexp.ts": "e49eb9e1c9356fd142bc15f7f323820d411fcc537b5ba3896df9a8b812d270a4",
    "https://deno.land/std@0.224.0/yaml/_type/seq.ts": "2deffc7f970869bc01a1541b4961d076329a1c2b30b95e07918f3132db7c3fe2",
    "https://deno.land/std@0.224.0/yaml/_type/set.ts": "be8a9e7237a7ffc92dfbe7f5e552d84b7eeba60f3f73cc77fc3c59d3506c74ea",
    "https://deno.land/std@0.224.0/yaml/_type/str.ts": "88f0a1ba12295520cd57e96cd78d53aa0787d53c7a1c506155f418c496c2f550",
    "https://deno.land/std@0.224.0/yaml/_type/timestamp.ts": "277a41a40fb93c3b2b3f5c373bf11b0b7856cc6a7b919e8ea130755e4029edc5",
    "https://deno.land/std@0.224.0/yaml/_type/undefined.ts": "9d215953c65740f1764e0bdca021007573473f0c49e087f00d9ff02817ecfc97",
    "https://deno.land/std@0.224.0/yaml/_utils.ts": "91bbe28b5e7000b9594e40ff5353f8fe7a7ba914eec917e1202cbaf5ac931c58",
    "https://deno.land/std@0.224.0/yaml/mod.ts": "54e9bfad77c8cd58f49b65f4d568045ff08989ed36318a2ca733a43cb6f1bc00",
    "https://deno.land/std@0.224.0/yaml/parse.ts": "f45278d9ebccb789af4eceeffa5c291e194bcf1fa9aab1b34ff52c2bd4a9d886",
    "https://deno.land/std@0.224.0/yaml/schema.ts": "a0f7956d997852b5d1c6564bd73eb7352175cfba439707ac819b65b5a2ec173a",
    "https://deno.land/std@0.224.0/yaml/schema/core.ts": "0a37c07710e3df4eb4edc02f4edf623bf8df5af72b34d8a7c0229d0bac2a7043",
    "https://deno.land/std@0.224.0/yaml/schema/default.ts": "1367fd30420c7071ecc67e5b470838474e8259aaf64460f314af4b6bd8da497c",
    "https://deno.land/std@0.224.0/yaml/schema/extended.ts": "248180c22697f37ed173057eae62ce4879865bb59f30c4908d698bed5edcc7c5",
    "https://deno.land/std@0.224.0/yaml/schema/failsafe.ts": "0ac1cae5b86d8fe2c83ad0a17f8adc33106a452b7139f84e4b0bfaee2206730e",
    "https://deno.land/std@0.224.0/yaml/schema/json.ts": "a0228a0c0bad7dece17ab848774fcadc2ccb5e51775c2d58d21d486917ba3ba1",
    "https://deno.land/std@0.224.0/yaml/schema/mod.ts": "0e1558a4823834f106675e48ddc15338e04f6f18469d1a7d6b3f0e1ab06abcb2",
    "https://deno.land/std@0.224.0/yaml/stringify.ts": "f0ed4e419cb40c807cf79ae4039d6cdf492be9a947121fff4d4b7cd1d4738bae",
    "https://deno.land/std@0.224.0/yaml/type.ts": "708dde5f20b01cc1096489b7155b6af79a217d585afb841128e78c3c2391eb5c",
    "https://deno.land/x/base64@v0.2.1/base.ts": "47dc8d68f07dc91524bdd6db36eccbe59cf4d935b5fc09f27357a3944bb3ff7b",
    "https://deno.land/x/base64@v0.2.1/base64url.ts": "18bbf879b31f1f32cca8adaa2b6885ae325c2cec6a66c5817b684ca12c46ad5e",
    "https://deno.land/x/case@2.2.0/lowerCase.ts": "d75eb55cadfa589f9f2a973924a8a209054477d9574da669410f4d817ab25b41",
    "https://deno.land/x/case@2.2.0/normalCase.ts": "085c8b6f9d69283c8b86f2e504d43278c2be8b7e56a3ed8d4a5f395e398bdc29",
    "https://deno.land/x/case@2.2.0/titleCase.ts": "c287131ea2c955e67cdd5cf604de96d31a8e2813305759922b9ed27e3be354e7",
    "https://deno.land/x/case@2.2.0/types.ts": "8e2bd6edaa27c0d1972c0d5b76698564740f37b4d3787d58d1fb5f48de611e61",
    "https://deno.land/x/case@2.2.0/upperCase.ts": "6cca267bb04d098bf4abf21e42e60c3e68ede89b12e525643c6b6eff3e10de34",
    "https://deno.land/x/case@2.2.0/vendor/camelCaseRegexp.ts": "7d9ff02aad4ab6429eeab7c7353f7bcdd6cc5909a8bd3dda97918c8bbb7621ae",
    "https://deno.land/x/case@2.2.0/vendor/camelCaseUpperRegexp.ts": "292de54a698370f90adcdf95727993d09888b7f33d17f72f8e54ba75f7791787",
    "https://deno.land/x/case@2.2.0/vendor/nonWordRegexp.ts": "c1a052629a694144b48c66b0175a22a83f4d61cb40f4e45293fc5d6b123f927e",
    "https://deno.land/x/sha1@v1.0.3/deps.ts": "2e1af51a48c8507017fdb057b950366601b177fb7e73d5de54c1b3e0e115d72e",
    "https://deno.land/x/sha1@v1.0.3/mod.ts": "146a101c9776cc9c807053c93f23e4b321ade5251f65745df418f4a75d5fd27b",
    "https://deno.land/x/sha256@v1.0.2/deps.ts": "2e1af51a48c8507017fdb057b950366601b177fb7e73d5de54c1b3e0e115d72e",
    "https://deno.land/x/sha256@v1.0.2/mod.ts": "f109aa5eeb201a0cbfaf44950b70a429838b187e8a84c5b810c1ac84953427cc",
    "https://deno.land/x/singleton@v1.1.0/mod.ts": "54b5e9e26b7c6d1f56689e363cd7a40ebbb6d17dfc26ce2a66cde78e15a5b7d4",
    "https://denopkg.com/chiefbiiko/std-encoding@v1.0.0/mod.ts": "4a927e5cd1d9b080d72881eb285b3b94edb6dadc1828aeb194117645f4481ac0",
    "https://raw.githubusercontent.com/brandonkal/runtypes/e4824aae4a3700080048a5e3833e94a2203d1f12/src/asynccontract.ts": "76335de178b17a205ae4a1857cbe226f2040066505b1d797d64f3dbb3e8265bb",
    "https://raw.githubusercontent.com/brandonkal/runtypes/e4824aae4a3700080048a5e3833e94a2203d1f12/src/contract.ts": "4e924f6bd8ad35ff307c200428d6ac6bb05c6660b51eb0a4a8ae56efabb43366",
    "https://raw.githubusercontent.com/brandonkal/runtypes/e4824aae4a3700080048a5e3833e94a2203d1f12/src/decorator.ts": "486b1e74ceeafeb7de424d33cf1688b6aeb3da971298dc7c00f1bcb33fc5e32b",
    "https://raw.githubusercontent.com/brandonkal/runtypes/e4824aae4a3700080048a5e3833e94a2203d1f12/src/errors.ts": "2326a1c03aaac6a81f7ec8abd08fe531fbcade16107834e52d0223982f20661b",
    "https://raw.githubusercontent.com/brandonkal/runtypes/e4824aae4a3700080048a5e3833e94a2203d1f12/src/index.ts": "bb129c0e66b79c4be3613038e512df51c56544f8a4ca039f4dc1eae174dc1f4d",
    "https://raw.githubusercontent.com/brandonkal/runtypes/e4824aae4a3700080048a5e3833e94a2203d1f12/src/match.ts": "263f6e66395846ead625d47706d4ace6b8f1ac59e9b32741c7ddec4bb5349e2b",
    "https://raw.githubusercontent.com/brandonkal/runtypes/e4824aae4a3700080048a5e3833e94a2203d1f12/src/reflect.ts": "66985d8abdd744cb71d78abcb655481acd5edfa1e8d7bf9b97fd67a94f4c059e",
    "https://raw.githubusercontent.com/brandonkal/runtypes/e4824aae4a3700080048a5e3833e94a2203d1f12/src/result.ts": "415ccbc47d6ce8decdcbece7a0c4c308d08534c81fde3d9cf1c9c4f6ab4551f8",
    "https://raw.githubusercontent.com/brandonkal/runtypes/e4824aae4a3700080048a5e3833e94a2203d1f12/src/runtype.ts": "3794e02637836fb66ae4a084ddb1cf6207544e37f64d3053a328c32ad1d73a5b",
    "https://raw.githubusercontent.com/brandonkal/runtypes/e4824aae4a3700080048a5e3833e94a2203d1f12/src/show.ts": "ccd6b51e987b20c1c0f435ddf6f11b829b5d7ada35a95dbceb10c36734823a35",
    "https://raw.githubusercontent.com/brandonkal/runtypes/e4824aae4a3700080048a5e3833e94a2203d1f12/src/types/array.ts": "a54e8c1090884f9e91f3211a40f9a8e36ccb04b2a75fd5de1f551a17c30e5ec5",
    "https://raw.githubusercontent.com/brandonkal/runtypes/e4824aae4a3700080048a5e3833e94a2203d1f12/src/types/bigint.ts": "d2b73aca303f951c312f7637fe02064b00b21a750a080d02e806913b5e7b6610",
    "https://raw.githubusercontent.com/brandonkal/runtypes/e4824aae4a3700080048a5e3833e94a2203d1f12/src/types/boolean.ts": "312cf7a531adcb932c17eda698e109ece8ed320532ec161fc9da3b5c1f41e982",
    "https://raw.githubusercontent.com/brandonkal/runtypes/e4824aae4a3700080048a5e3833e94a2203d1f12/src/types/brand.ts": "2a0dfa08f34f796fef932025444376c959249374cd62db9a5d16c8e9e9e42752",
    "https://raw.githubusercontent.com/brandonkal/runtypes/e4824aae4a3700080048a5e3833e94a2203d1f12/src/types/constraint.ts": "1afe64b6eb12d5514c39a05819fb3b0c10ff1b1077afcddd23b728f6d83bee2d",
    "https://raw.githubusercontent.com/brandonkal/runtypes/e4824aae4a3700080048a5e3833e94a2203d1f12/src/types/dictionary.ts": "e4326017b0c30ca60adc68853631470b48b89d53e90d4097902215a0f6c155fa",
    "https://raw.githubusercontent.com/brandonkal/runtypes/e4824aae4a3700080048a5e3833e94a2203d1f12/src/types/function.ts": "0c2fb98d90dbaefa447f035fbdb2868b675045da9fab86ce08ee3b8e1f56b6cd",
    "https://raw.githubusercontent.com/brandonkal/runtypes/e4824aae4a3700080048a5e3833e94a2203d1f12/src/types/instanceof.ts": "bc3bc8efe15a996d68967249f5504bc1e790c30523a75bcc9a2b3d17c7cc2bed",
    "https://raw.githubusercontent.com/brandonkal/runtypes/e4824aae4a3700080048a5e3833e94a2203d1f12/src/types/intersect.ts": "e9665b139aea6f8304291649fd5258509dce5fc602e11bab14a386a3143dc85d",
    "https://raw.githubusercontent.com/brandonkal/runtypes/e4824aae4a3700080048a5e3833e94a2203d1f12/src/types/lazy.ts": "5cb1ac014e81a2a06661b29008aed6191bab56984a211ae982b34ac01b851c21",
    "https://raw.githubusercontent.com/brandonkal/runtypes/e4824aae4a3700080048a5e3833e94a2203d1f12/src/types/literal.ts": "4fa342e5e94cee974f53248fb2e5cc7eae948e3ea94e92fb901c44dfaafaeca4",
    "https://raw.githubusercontent.com/brandonkal/runtypes/e4824aae4a3700080048a5e3833e94a2203d1f12/src/types/never.ts": "0532244dab8afcd2465b881a9bf9c5a5e537b2f827a14b43a0d4aeb793159d4e",
    "https://raw.githubusercontent.com/brandonkal/runtypes/e4824aae4a3700080048a5e3833e94a2203d1f12/src/types/number.ts": "0a280c4029ac1e94e5436a28a83a71246c35bfeb7435acd33a566052aa753b31",
    "https://raw.githubusercontent.com/brandonkal/runtypes/e4824aae4a3700080048a5e3833e94a2203d1f12/src/types/optional.ts": "5fdb39ddcc96b5dd225e055dee5e81fcbb18c14c28f39d13d5445f97bab133d5",
    "https://raw.githubusercontent.com/brandonkal/runtypes/e4824aae4a3700080048a5e3833e94a2203d1f12/src/types/record.ts": "68cd07bbcc08a93f75c0ababdfb85c19433a83a9a7d0446e82dc25890a71e313",
    "https://raw.githubusercontent.com/brandonkal/runtypes/e4824aae4a3700080048a5e3833e94a2203d1f12/src/types/string.ts": "91a9d24dd67e47837911321e1a8c972626bd6e2c4539bbc5e199acee616ecd53",
    "https://raw.githubusercontent.com/brandonkal/runtypes/e4824aae4a3700080048a5e3833e94a2203d1f12/src/types/symbol.ts": "1484508351182549f25daa613de18750b60574effdd00fc6e931c41d4c3e4818",
    "https://raw.githubusercontent.com/brandonkal/runtypes/e4824aae4a3700080048a5e3833e94a2203d1f12/src/types/tuple.ts": "348ddd8e0f59696b23bd7c4ccc691a93f0898bd31bd47cef15d221abdcda45f3",
    "https://raw.githubusercontent.com/brandonkal/runtypes/e4824aae4a3700080048a5e3833e94a2203d1f12/src/types/union.ts": "699061bc6a93975c2b7812e8dcc2f46ff1a5b8c79a628c4f8f14a0754f81b07c",
    "https://raw.githubusercontent.com/brandonkal/runtypes/e4824aae4a3700080048a5e3833e94a2203d1f12/src/types/unknown.ts": "233ef89d65e4bfec26e8cd400441340bea8785a9ef35e08a46e108c8908fe201",
    "https://raw.githubusercontent.com/brandonkal/runtypes/e4824aae4a3700080048a5e3833e94a2203d1f12/src/types/void.ts": "76e45e71603a24c8c2aae16ef0bb9443ae4f8402daaa7931da37982ad0c9180b",
    "https://raw.githubusercontent.com/brandonkal/runtypes/e4824aae4a3700080048a5e3833e94a2203d1f12/src/util.ts": "cdbe2cffe512e3ec06e21160d0887413bcd6c0cb9e4d9d607e7c4a021b68eebf",
    "https://x.kite.run/lib/args.ts": "da02e848d0feebda256fb8261bb98b4b6dcc39fea621053d77aea8819cbb1469",
    "https://x.kite.run/lib/dedent.ts": "0f9f38b0f3b27592edf92e488abcfcb5c27101161873971b5e2ff21d687bad3b",
    "https://x.kite.run/lib/kite.ts": "30f69b68181f88078e4d3530297ffe1d2172e8d4f9fbfa400f2765a252fd18d8",
    "https://x.kite.run/lib/kite/extended-string.ts": "f32779dceca93430b407c1c1b69a8a4307c1fd6248c722771758fed0925f7142",
    "https://x.kite.run/lib/merge.ts": "95ae23c79f0a81ae4c76e422864f6832604ed49210617f6fb71ebc011e3563c7",
    "https://x.kite.run/lib/runtypes.ts": "7d654a239f26e0951d0079350cfc7ad41088181b27cfe06810e39fb32cb7f3ca",
    "https://x.kite.run/lib/unraw.ts": "a7e43fcaf0b12c79a7f97f56c5c53be429a49cec6bb1a3f3253d8c42c81a9055",
    "https://x.kite.run/lib/utils.ts": "7c3f01a62999825ce9b0380c85997599d9eba2bac876bd61bc8ff01b21ab6cc4",
    "https://x.kite.run/lib/yaml-tag.ts": "147a75a19ae3188063dbcb36826811577b5030fe3b487b0e2d4467da8d966660"
  }
}
